
Microsoft Visual Studio Solution File, Format Version 12.00
# Visual Studio Version 17
VisualStudioVersion = 17.14.36623.8
MinimumVisualStudioVersion = 10.0.40219.1
Project("{FAE04EC0-301F-11D3-BF4B-00C04F79EFBC}") = "RimXmlEdit", "RimXmlEdit\RimXmlEdit.csproj", "{BA62BF9F-9F87-7BB8-FB9E-E8BF6F7CB513}"
EndProject
Project("{FAE04EC0-301F-11D3-BF4B-00C04F79EFBC}") = "RimXmlEdit.Desktop", "RimXmlEdit.Desktop\RimXmlEdit.Desktop.csproj", "{20981EA7-1DBF-0F9E-BE9D-5F65CD2B8E09}"
EndProject
Project("{FAE04EC0-301F-11D3-BF4B-00C04F79EFBC}") = "RimXmlEdit.Core", "RimXmlEdit.Core\RimXmlEdit.Core.csproj", "{A89EC21E-8069-4C20-8E24-265A44886FE3}"
EndProject
Project("{2150E333-8FDC-42A3-9474-1A3956D46DE8}") = "Test", "Test", "{02EA681E-C7D8-13C7-8484-4AC65E1B71E8}"
EndProject
Global
	GlobalSection(SolutionConfigurationPlatforms) = preSolution
		Debug|Any CPU = Debug|Any CPU
		Release|Any CPU = Release|Any CPU
	EndGlobalSection
	GlobalSection(ProjectConfigurationPlatforms) = postSolution
		{BA62BF9F-9F87-7BB8-FB9E-E8BF6F7CB513}.Debug|Any CPU.ActiveCfg = Debug|Any CPU
		{BA62BF9F-9F87-7BB8-FB9E-E8BF6F7CB513}.Debug|Any CPU.Build.0 = Debug|Any CPU
		{BA62BF9F-9F87-7BB8-FB9E-E8BF6F7CB513}.Release|Any CPU.ActiveCfg = Release|Any CPU
		{BA62BF9F-9F87-7BB8-FB9E-E8BF6F7CB513}.Release|Any CPU.Build.0 = Release|Any CPU
		{20981EA7-1DBF-0F9E-BE9D-5F65CD2B8E09}.Debug|Any CPU.ActiveCfg = Debug|Any CPU
		{20981EA7-1DBF-0F9E-BE9D-5F65CD2B8E09}.Debug|Any CPU.Build.0 = Debug|Any CPU
		{20981EA7-1DBF-0F9E-BE9D-5F65CD2B8E09}.Release|Any CPU.ActiveCfg = Release|Any CPU
		{20981EA7-1DBF-0F9E-BE9D-5F65CD2B8E09}.Release|Any CPU.Build.0 = Release|Any CPU
		{A89EC21E-8069-4C20-8E24-265A44886FE3}.Debug|Any CPU.ActiveCfg = Debug|Any CPU
		{A89EC21E-8069-4C20-8E24-265A44886FE3}.Debug|Any CPU.Build.0 = Debug|Any CPU
		{A89EC21E-8069-4C20-8E24-265A44886FE3}.Release|Any CPU.ActiveCfg = Release|Any CPU
		{A89EC21E-8069-4C20-8E24-265A44886FE3}.Release|Any CPU.Build.0 = Release|Any CPU
	EndGlobalSection
	GlobalSection(SolutionProperties) = preSolution
		HideSolutionNode = FALSE
	EndGlobalSection
	GlobalSection(ExtensibilityGlobals) = postSolution
		SolutionGuid = {DFD4DC77-398B-42AA-A71D-ECBCA58E012C}
	EndGlobalSection
EndGlobal
